
Microsoft Visual Studio Solution File, Format Version 12.00
# Visual Studio Version 17
VisualStudioVersion = 17.1.32328.378
MinimumVisualStudioVersion = 10.0.40219.1
Project("{FAE04EC0-301F-11D3-BF4B-00C04F79EFBC}") = "ALarm1", "ALarm1\ALarm1.csproj", "{4414B070-C37F-44D1-B58C-3F8B7D63B553}"
EndProject
Global
	GlobalSection(SolutionConfigurationPlatforms) = preSolution
		Debug|Any CPU = Debug|Any CPU
		Release|Any CPU = Release|Any CPU
	EndGlobalSection
	GlobalSection(ProjectConfigurationPlatforms) = postSolution
		{4414B070-C37F-44D1-B58C-3F8B7D63B553}.Debug|Any CPU.ActiveCfg = Debug|Any CPU
		{4414B070-C37F-44D1-B58C-3F8B7D63B553}.Debug|Any CPU.Build.0 = Debug|Any CPU
		{4414B070-C37F-44D1-B58C-3F8B7D63B553}.Release|Any CPU.ActiveCfg = Release|Any CPU
		{4414B070-C37F-44D1-B58C-3F8B7D63B553}.Release|Any CPU.Build.0 = Release|Any CPU
	EndGlobalSection
	GlobalSection(SolutionProperties) = preSolution
		HideSolutionNode = FALSE
	EndGlobalSection
	GlobalSection(ExtensibilityGlobals) = postSolution
		SolutionGuid = {1E6E17CA-1E17-400B-9595-CAA41505E70E}
	EndGlobalSection
EndGlobal
